
Microsoft Visual Studio Solution File, Format Version 12.00
# Visual Studio 15
VisualStudioVersion = 15.0.28307.645
MinimumVisualStudioVersion = 10.0.40219.1
Project("{8BC9CEB8-8B4A-11D0-8D11-00A0C91BC942}") = "ListStackAndQueues", "ListStackAndQueues\ListStackAndQueues.vcxproj", "{670592C0-A2D3-4D99-BEFB-0B1FE97E1F5B}"
EndProject
Global
	GlobalSection(SolutionConfigurationPlatforms) = preSolution
		Debug|x64 = Debug|x64
		Debug|x86 = Debug|x86
		Release|x64 = Release|x64
		Release|x86 = Release|x86
	EndGlobalSection
	GlobalSection(ProjectConfigurationPlatforms) = postSolution
		{670592C0-A2D3-4D99-BEFB-0B1FE97E1F5B}.Debug|x64.ActiveCfg = Debug|x64
		{670592C0-A2D3-4D99-BEFB-0B1FE97E1F5B}.Debug|x64.Build.0 = Debug|x64
		{670592C0-A2D3-4D99-BEFB-0B1FE97E1F5B}.Debug|x86.ActiveCfg = Debug|Win32
		{670592C0-A2D3-4D99-BEFB-0B1FE97E1F5B}.Debug|x86.Build.0 = Debug|Win32
		{670592C0-A2D3-4D99-BEFB-0B1FE97E1F5B}.Release|x64.ActiveCfg = Release|x64
		{670592C0-A2D3-4D99-BEFB-0B1FE97E1F5B}.Release|x64.Build.0 = Release|x64
		{670592C0-A2D3-4D99-BEFB-0B1FE97E1F5B}.Release|x86.ActiveCfg = Release|Win32
		{670592C0-A2D3-4D99-BEFB-0B1FE97E1F5B}.Release|x86.Build.0 = Release|Win32
	EndGlobalSection
	GlobalSection(SolutionProperties) = preSolution
		HideSolutionNode = FALSE
	EndGlobalSection
	GlobalSection(ExtensibilityGlobals) = postSolution
		SolutionGuid = {3C90F69B-4B8B-4BB1-BCA0-A1F8394BE8BF}
	EndGlobalSection
EndGlobal
