
Microsoft Visual Studio Solution File, Format Version 12.00
# Visual Studio 15
VisualStudioVersion = 15.0.28307.645
MinimumVisualStudioVersion = 10.0.40219.1
Project("{8BC9CEB8-8B4A-11D0-8D11-00A0C91BC942}") = "Math", "Math\Math.vcxproj", "{5149E0B4-733F-440F-968D-F8EE359F0C4C}"
EndProject
Project("{8BC9CEB8-8B4A-11D0-8D11-00A0C91BC942}") = "UnitTest1", "UnitTest1\UnitTest1.vcxproj", "{B5EBAE56-09C6-44A0-A983-E70540EF7861}"
EndProject
Global
	GlobalSection(SolutionConfigurationPlatforms) = preSolution
		Debug|x64 = Debug|x64
		Debug|x86 = Debug|x86
		Release|x64 = Release|x64
		Release|x86 = Release|x86
	EndGlobalSection
	GlobalSection(ProjectConfigurationPlatforms) = postSolution
		{5149E0B4-733F-440F-968D-F8EE359F0C4C}.Debug|x64.ActiveCfg = Debug|x64
		{5149E0B4-733F-440F-968D-F8EE359F0C4C}.Debug|x64.Build.0 = Debug|x64
		{5149E0B4-733F-440F-968D-F8EE359F0C4C}.Debug|x86.ActiveCfg = Debug|Win32
		{5149E0B4-733F-440F-968D-F8EE359F0C4C}.Debug|x86.Build.0 = Debug|Win32
		{5149E0B4-733F-440F-968D-F8EE359F0C4C}.Release|x64.ActiveCfg = Release|x64
		{5149E0B4-733F-440F-968D-F8EE359F0C4C}.Release|x64.Build.0 = Release|x64
		{5149E0B4-733F-440F-968D-F8EE359F0C4C}.Release|x86.ActiveCfg = Release|Win32
		{5149E0B4-733F-440F-968D-F8EE359F0C4C}.Release|x86.Build.0 = Release|Win32
		{B5EBAE56-09C6-44A0-A983-E70540EF7861}.Debug|x64.ActiveCfg = Debug|x64
		{B5EBAE56-09C6-44A0-A983-E70540EF7861}.Debug|x64.Build.0 = Debug|x64
		{B5EBAE56-09C6-44A0-A983-E70540EF7861}.Debug|x86.ActiveCfg = Debug|Win32
		{B5EBAE56-09C6-44A0-A983-E70540EF7861}.Debug|x86.Build.0 = Debug|Win32
		{B5EBAE56-09C6-44A0-A983-E70540EF7861}.Release|x64.ActiveCfg = Release|x64
		{B5EBAE56-09C6-44A0-A983-E70540EF7861}.Release|x64.Build.0 = Release|x64
		{B5EBAE56-09C6-44A0-A983-E70540EF7861}.Release|x86.ActiveCfg = Release|Win32
		{B5EBAE56-09C6-44A0-A983-E70540EF7861}.Release|x86.Build.0 = Release|Win32
	EndGlobalSection
	GlobalSection(SolutionProperties) = preSolution
		HideSolutionNode = FALSE
	EndGlobalSection
	GlobalSection(ExtensibilityGlobals) = postSolution
		SolutionGuid = {DE023A11-3DB9-465D-8B25-77C0F32E85A6}
	EndGlobalSection
EndGlobal
