
Microsoft Visual Studio Solution File, Format Version 12.00
# Visual Studio 15
VisualStudioVersion = 15.0.28307.645
MinimumVisualStudioVersion = 10.0.40219.1
Project("{8BC9CEB8-8B4A-11D0-8D11-00A0C91BC942}") = "InheritanceExamples", "InheritanceExamples\InheritanceExamples.vcxproj", "{BE138AA5-210E-461D-89F3-5D26159E63BA}"
EndProject
Project("{8BC9CEB8-8B4A-11D0-8D11-00A0C91BC942}") = "UnitTest1", "UnitTest1\UnitTest1.vcxproj", "{13569C7E-6819-4027-A836-2C3423185994}"
EndProject
Global
	GlobalSection(SolutionConfigurationPlatforms) = preSolution
		Debug|x64 = Debug|x64
		Debug|x86 = Debug|x86
		Release|x64 = Release|x64
		Release|x86 = Release|x86
	EndGlobalSection
	GlobalSection(ProjectConfigurationPlatforms) = postSolution
		{BE138AA5-210E-461D-89F3-5D26159E63BA}.Debug|x64.ActiveCfg = Debug|x64
		{BE138AA5-210E-461D-89F3-5D26159E63BA}.Debug|x64.Build.0 = Debug|x64
		{BE138AA5-210E-461D-89F3-5D26159E63BA}.Debug|x86.ActiveCfg = Debug|Win32
		{BE138AA5-210E-461D-89F3-5D26159E63BA}.Debug|x86.Build.0 = Debug|Win32
		{BE138AA5-210E-461D-89F3-5D26159E63BA}.Release|x64.ActiveCfg = Release|x64
		{BE138AA5-210E-461D-89F3-5D26159E63BA}.Release|x64.Build.0 = Release|x64
		{BE138AA5-210E-461D-89F3-5D26159E63BA}.Release|x86.ActiveCfg = Release|Win32
		{BE138AA5-210E-461D-89F3-5D26159E63BA}.Release|x86.Build.0 = Release|Win32
		{13569C7E-6819-4027-A836-2C3423185994}.Debug|x64.ActiveCfg = Debug|x64
		{13569C7E-6819-4027-A836-2C3423185994}.Debug|x64.Build.0 = Debug|x64
		{13569C7E-6819-4027-A836-2C3423185994}.Debug|x86.ActiveCfg = Debug|Win32
		{13569C7E-6819-4027-A836-2C3423185994}.Debug|x86.Build.0 = Debug|Win32
		{13569C7E-6819-4027-A836-2C3423185994}.Release|x64.ActiveCfg = Release|x64
		{13569C7E-6819-4027-A836-2C3423185994}.Release|x64.Build.0 = Release|x64
		{13569C7E-6819-4027-A836-2C3423185994}.Release|x86.ActiveCfg = Release|Win32
		{13569C7E-6819-4027-A836-2C3423185994}.Release|x86.Build.0 = Release|Win32
	EndGlobalSection
	GlobalSection(SolutionProperties) = preSolution
		HideSolutionNode = FALSE
	EndGlobalSection
	GlobalSection(ExtensibilityGlobals) = postSolution
		SolutionGuid = {A5D165BA-A772-443E-9ADD-1DE2A58AB072}
	EndGlobalSection
EndGlobal
