
Microsoft Visual Studio Solution File, Format Version 12.00
# Visual Studio 15
VisualStudioVersion = 15.0.28307.645
MinimumVisualStudioVersion = 10.0.40219.1
Project("{8BC9CEB8-8B4A-11D0-8D11-00A0C91BC942}") = "Inheritance", "Inheritance\Inheritance.vcxproj", "{938445F6-BF24-4CBB-A4C8-91AAB8882C7D}"
EndProject
Project("{8BC9CEB8-8B4A-11D0-8D11-00A0C91BC942}") = "UnitTest1", "UnitTest1\UnitTest1.vcxproj", "{2E8BD616-282A-4105-B212-42CB8BEEB5B5}"
EndProject
Global
	GlobalSection(SolutionConfigurationPlatforms) = preSolution
		Debug|x64 = Debug|x64
		Debug|x86 = Debug|x86
		Release|x64 = Release|x64
		Release|x86 = Release|x86
	EndGlobalSection
	GlobalSection(ProjectConfigurationPlatforms) = postSolution
		{938445F6-BF24-4CBB-A4C8-91AAB8882C7D}.Debug|x64.ActiveCfg = Debug|x64
		{938445F6-BF24-4CBB-A4C8-91AAB8882C7D}.Debug|x64.Build.0 = Debug|x64
		{938445F6-BF24-4CBB-A4C8-91AAB8882C7D}.Debug|x86.ActiveCfg = Debug|Win32
		{938445F6-BF24-4CBB-A4C8-91AAB8882C7D}.Debug|x86.Build.0 = Debug|Win32
		{938445F6-BF24-4CBB-A4C8-91AAB8882C7D}.Release|x64.ActiveCfg = Release|x64
		{938445F6-BF24-4CBB-A4C8-91AAB8882C7D}.Release|x64.Build.0 = Release|x64
		{938445F6-BF24-4CBB-A4C8-91AAB8882C7D}.Release|x86.ActiveCfg = Release|Win32
		{938445F6-BF24-4CBB-A4C8-91AAB8882C7D}.Release|x86.Build.0 = Release|Win32
		{2E8BD616-282A-4105-B212-42CB8BEEB5B5}.Debug|x64.ActiveCfg = Debug|x64
		{2E8BD616-282A-4105-B212-42CB8BEEB5B5}.Debug|x64.Build.0 = Debug|x64
		{2E8BD616-282A-4105-B212-42CB8BEEB5B5}.Debug|x86.ActiveCfg = Debug|Win32
		{2E8BD616-282A-4105-B212-42CB8BEEB5B5}.Debug|x86.Build.0 = Debug|Win32
		{2E8BD616-282A-4105-B212-42CB8BEEB5B5}.Release|x64.ActiveCfg = Release|x64
		{2E8BD616-282A-4105-B212-42CB8BEEB5B5}.Release|x64.Build.0 = Release|x64
		{2E8BD616-282A-4105-B212-42CB8BEEB5B5}.Release|x86.ActiveCfg = Release|Win32
		{2E8BD616-282A-4105-B212-42CB8BEEB5B5}.Release|x86.Build.0 = Release|Win32
	EndGlobalSection
	GlobalSection(SolutionProperties) = preSolution
		HideSolutionNode = FALSE
	EndGlobalSection
	GlobalSection(ExtensibilityGlobals) = postSolution
		SolutionGuid = {6DE38FB1-B4CC-459D-B999-D0E53FDE7A94}
	EndGlobalSection
EndGlobal
