
Microsoft Visual Studio Solution File, Format Version 12.00
# Visual Studio 15
VisualStudioVersion = 15.0.28307.645
MinimumVisualStudioVersion = 10.0.40219.1
Project("{8BC9CEB8-8B4A-11D0-8D11-00A0C91BC942}") = "Project2", "Project2\Project2.vcxproj", "{90A980A0-15E9-42D4-BF16-6FC2F9713D1B}"
EndProject
Project("{8BC9CEB8-8B4A-11D0-8D11-00A0C91BC942}") = "UnitTest1", "UnitTest1\UnitTest1.vcxproj", "{5D58BECE-C986-4DD4-B5DB-1443516D2C6C}"
EndProject
Global
	GlobalSection(SolutionConfigurationPlatforms) = preSolution
		Debug|x64 = Debug|x64
		Debug|x86 = Debug|x86
		Release|x64 = Release|x64
		Release|x86 = Release|x86
	EndGlobalSection
	GlobalSection(ProjectConfigurationPlatforms) = postSolution
		{90A980A0-15E9-42D4-BF16-6FC2F9713D1B}.Debug|x64.ActiveCfg = Debug|x64
		{90A980A0-15E9-42D4-BF16-6FC2F9713D1B}.Debug|x64.Build.0 = Debug|x64
		{90A980A0-15E9-42D4-BF16-6FC2F9713D1B}.Debug|x86.ActiveCfg = Debug|Win32
		{90A980A0-15E9-42D4-BF16-6FC2F9713D1B}.Debug|x86.Build.0 = Debug|Win32
		{90A980A0-15E9-42D4-BF16-6FC2F9713D1B}.Release|x64.ActiveCfg = Release|x64
		{90A980A0-15E9-42D4-BF16-6FC2F9713D1B}.Release|x64.Build.0 = Release|x64
		{90A980A0-15E9-42D4-BF16-6FC2F9713D1B}.Release|x86.ActiveCfg = Release|Win32
		{90A980A0-15E9-42D4-BF16-6FC2F9713D1B}.Release|x86.Build.0 = Release|Win32
		{5D58BECE-C986-4DD4-B5DB-1443516D2C6C}.Debug|x64.ActiveCfg = Debug|x64
		{5D58BECE-C986-4DD4-B5DB-1443516D2C6C}.Debug|x64.Build.0 = Debug|x64
		{5D58BECE-C986-4DD4-B5DB-1443516D2C6C}.Debug|x86.ActiveCfg = Debug|Win32
		{5D58BECE-C986-4DD4-B5DB-1443516D2C6C}.Debug|x86.Build.0 = Debug|Win32
		{5D58BECE-C986-4DD4-B5DB-1443516D2C6C}.Release|x64.ActiveCfg = Release|x64
		{5D58BECE-C986-4DD4-B5DB-1443516D2C6C}.Release|x64.Build.0 = Release|x64
		{5D58BECE-C986-4DD4-B5DB-1443516D2C6C}.Release|x86.ActiveCfg = Release|Win32
		{5D58BECE-C986-4DD4-B5DB-1443516D2C6C}.Release|x86.Build.0 = Release|Win32
	EndGlobalSection
	GlobalSection(SolutionProperties) = preSolution
		HideSolutionNode = FALSE
	EndGlobalSection
	GlobalSection(ExtensibilityGlobals) = postSolution
		SolutionGuid = {F0734F24-F1F3-4F28-89A3-F03AC699EC82}
	EndGlobalSection
EndGlobal
