
Microsoft Visual Studio Solution File, Format Version 12.00
# Visual Studio 15
VisualStudioVersion = 15.0.28307.572
MinimumVisualStudioVersion = 10.0.40219.1
Project("{8BC9CEB8-8B4A-11D0-8D11-00A0C91BC942}") = "Lab2", "Lab2\Lab2.vcxproj", "{FFB54112-B347-46D0-AB7F-B7F4E175C204}"
EndProject
Global
	GlobalSection(SolutionConfigurationPlatforms) = preSolution
		Debug|x64 = Debug|x64
		Debug|x86 = Debug|x86
		Release|x64 = Release|x64
		Release|x86 = Release|x86
	EndGlobalSection
	GlobalSection(ProjectConfigurationPlatforms) = postSolution
		{FFB54112-B347-46D0-AB7F-B7F4E175C204}.Debug|x64.ActiveCfg = Debug|x64
		{FFB54112-B347-46D0-AB7F-B7F4E175C204}.Debug|x64.Build.0 = Debug|x64
		{FFB54112-B347-46D0-AB7F-B7F4E175C204}.Debug|x86.ActiveCfg = Debug|Win32
		{FFB54112-B347-46D0-AB7F-B7F4E175C204}.Debug|x86.Build.0 = Debug|Win32
		{FFB54112-B347-46D0-AB7F-B7F4E175C204}.Release|x64.ActiveCfg = Release|x64
		{FFB54112-B347-46D0-AB7F-B7F4E175C204}.Release|x64.Build.0 = Release|x64
		{FFB54112-B347-46D0-AB7F-B7F4E175C204}.Release|x86.ActiveCfg = Release|Win32
		{FFB54112-B347-46D0-AB7F-B7F4E175C204}.Release|x86.Build.0 = Release|Win32
	EndGlobalSection
	GlobalSection(SolutionProperties) = preSolution
		HideSolutionNode = FALSE
	EndGlobalSection
	GlobalSection(ExtensibilityGlobals) = postSolution
		SolutionGuid = {9462212E-C950-4832-A355-E4ADFAB4410A}
	EndGlobalSection
EndGlobal
